# @generated by Move, please check-in and do not edit manually.

[move]
version = 2
manifest_digest = "DCCBC55ADBBDDC92CE18E9DABAE3E83A105D8FA2A8DA65B8645F23F81495A035"
deps_digest = "F9B494B64F0615AED0E98FC12A85B85ECD2BC5185C22D30E7F67786BB52E507C"
dependencies = [
  { name = "DeepBook" },
  { name = "MoveStdlib" },
  { name = "Sui" },
  { name = "dex" },
]

[[move.package]]
name = "DeepBook"
source = { git = "https://github.com/MystenLabs/sui.git", rev = "framework/testnet", subdir = "crates/sui-framework/packages/deepbook" }

dependencies = [
  { name = "MoveStdlib" },
  { name = "Sui" },
]

[[move.package]]
name = "MoveStdlib"
source = { git = "https://github.com/MystenLabs/sui.git", rev = "framework/testnet", subdir = "crates/sui-framework/packages/move-stdlib" }

[[move.package]]
name = "Sui"
source = { git = "https://github.com/MystenLabs/sui.git", rev = "framework/testnet", subdir = "crates/sui-framework/packages/sui-framework" }

dependencies = [
  { name = "MoveStdlib" },
]

[[move.package]]
name = "dex"
source = { local = "../dex" }

dependencies = [
  { name = "DeepBook" },
  { name = "MoveStdlib" },
  { name = "Sui" },
]

[move.toolchain-version]
compiler-version = "1.26.0"
edition = "legacy"
flavor = "sui"

[env]

[env.testnet]
chain-id = "4c78adac"
original-published-id = "0x121454a9cfe878069e6fcb4bbe67d8b1b723fe2261d321af9c65f523089ab027"
latest-published-id = "0x121454a9cfe878069e6fcb4bbe67d8b1b723fe2261d321af9c65f523089ab027"
published-version = "1"
